// !$*UTF8*$!
{
	archiveVersion = 1;
	classes = {
	};
	objectVersion = 56;
	objects = {

/* Begin PBXBuildFile section */
		622E08D022DEFFB7D3D9AD68 /* Pods_TaskTests.framework in Frameworks */ = {isa = PBXBuildFile; fileRef = 5A85BF30DE908AE21D42F613 /* Pods_TaskTests.framework */; };
		B21B25692C0F810F009B95F9 /* AppDelegate.swift in Sources */ = {isa = PBXBuildFile; fileRef = B21B25682C0F810F009B95F9 /* AppDelegate.swift */; };
		B21B256B2C0F810F009B95F9 /* SceneDelegate.swift in Sources */ = {isa = PBXBuildFile; fileRef = B21B256A2C0F810F009B95F9 /* SceneDelegate.swift */; };
		B21B256D2C0F810F009B95F9 /* ViewController.swift in Sources */ = {isa = PBXBuildFile; fileRef = B21B256C2C0F810F009B95F9 /* ViewController.swift */; };
		B21B25702C0F810F009B95F9 /* Main.storyboard in Resources */ = {isa = PBXBuildFile; fileRef = B21B256E2C0F810F009B95F9 /* Main.storyboard */; };
		B21B25722C0F8111009B95F9 /* Assets.xcassets in Resources */ = {isa = PBXBuildFile; fileRef = B21B25712C0F8111009B95F9 /* Assets.xcassets */; };
		B21B25752C0F8111009B95F9 /* LaunchScreen.storyboard in Resources */ = {isa = PBXBuildFile; fileRef = B21B25732C0F8111009B95F9 /* LaunchScreen.storyboard */; };
		B21B25802C0F8111009B95F9 /* TaskTests.swift in Sources */ = {isa = PBXBuildFile; fileRef = B21B257F2C0F8111009B95F9 /* TaskTests.swift */; };
		B21B258A2C0F8111009B95F9 /* TaskUITests.swift in Sources */ = {isa = PBXBuildFile; fileRef = B21B25892C0F8111009B95F9 /* TaskUITests.swift */; };
		B21B258C2C0F8111009B95F9 /* TaskUITestsLaunchTests.swift in Sources */ = {isa = PBXBuildFile; fileRef = B21B258B2C0F8111009B95F9 /* TaskUITestsLaunchTests.swift */; };
		B21B259B2C0F826F009B95F9 /* ListingViewController.swift in Sources */ = {isa = PBXBuildFile; fileRef = B21B259A2C0F826F009B95F9 /* ListingViewController.swift */; };
		B21B259E2C0F82B0009B95F9 /* ListingPresenter.swift in Sources */ = {isa = PBXBuildFile; fileRef = B21B259D2C0F82B0009B95F9 /* ListingPresenter.swift */; };
		B21B25A12C0F82E4009B95F9 /* ListingInteractor.swift in Sources */ = {isa = PBXBuildFile; fileRef = B21B25A02C0F82E4009B95F9 /* ListingInteractor.swift */; };
		B21B25A42C0F8339009B95F9 /* ListingEntity.swift in Sources */ = {isa = PBXBuildFile; fileRef = B21B25A32C0F8339009B95F9 /* ListingEntity.swift */; };
		B21B25A72C0F8377009B95F9 /* ListingRouter.swift in Sources */ = {isa = PBXBuildFile; fileRef = B21B25A62C0F8377009B95F9 /* ListingRouter.swift */; };
		B21B25AA2C0F83D4009B95F9 /* ListingRemoteDataManager.swift in Sources */ = {isa = PBXBuildFile; fileRef = B21B25A92C0F83D4009B95F9 /* ListingRemoteDataManager.swift */; };
		B21B25AD2C0F8407009B95F9 /* ListingLocalDataManager.swift in Sources */ = {isa = PBXBuildFile; fileRef = B21B25AC2C0F8407009B95F9 /* ListingLocalDataManager.swift */; };
		B21B25B02C0F85C3009B95F9 /* Protocol.swift in Sources */ = {isa = PBXBuildFile; fileRef = B21B25AF2C0F85C3009B95F9 /* Protocol.swift */; };
		B21B25B82C0F8BD8009B95F9 /* CustomTableViewCell.swift in Sources */ = {isa = PBXBuildFile; fileRef = B21B25B62C0F8BD8009B95F9 /* CustomTableViewCell.swift */; };
		B21B25B92C0F8BD8009B95F9 /* CustomTableViewCell.xib in Resources */ = {isa = PBXBuildFile; fileRef = B21B25B72C0F8BD8009B95F9 /* CustomTableViewCell.xib */; };
		B21B25BB2C0F8CCE009B95F9 /* DetailsViewController.swift in Sources */ = {isa = PBXBuildFile; fileRef = B21B25BA2C0F8CCE009B95F9 /* DetailsViewController.swift */; };
		B21B25BD2C0F8CF5009B95F9 /* DetailsRouter.swift in Sources */ = {isa = PBXBuildFile; fileRef = B21B25BC2C0F8CF5009B95F9 /* DetailsRouter.swift */; };
		B65CCE1B8E0DEA3DCF5335C3 /* Pods_Task_TaskUITests.framework in Frameworks */ = {isa = PBXBuildFile; fileRef = 76420D1D6763E36900602162 /* Pods_Task_TaskUITests.framework */; };
		E94A6CA256992AEF16695B72 /* Pods_Task.framework in Frameworks */ = {isa = PBXBuildFile; fileRef = B8A56D520DD2203029727CEF /* Pods_Task.framework */; };
/* End PBXBuildFile section */

/* Begin PBXContainerItemProxy section */
		B21B257C2C0F8111009B95F9 /* PBXContainerItemProxy */ = {
			isa = PBXContainerItemProxy;
			containerPortal = B21B255D2C0F810F009B95F9 /* Project object */;
			proxyType = 1;
			remoteGlobalIDString = B21B25642C0F810F009B95F9;
			remoteInfo = Task;
		};
		B21B25862C0F8111009B95F9 /* PBXContainerItemProxy */ = {
			isa = PBXContainerItemProxy;
			containerPortal = B21B255D2C0F810F009B95F9 /* Project object */;
			proxyType = 1;
			remoteGlobalIDString = B21B25642C0F810F009B95F9;
			remoteInfo = Task;
		};
/* End PBXContainerItemProxy section */

/* Begin PBXFileReference section */
		14A5A466F1FE415972546CF4 /* Pods-TaskTests.release.xcconfig */ = {isa = PBXFileReference; includeInIndex = 1; lastKnownFileType = text.xcconfig; name = "Pods-TaskTests.release.xcconfig"; path = "Target Support Files/Pods-TaskTests/Pods-TaskTests.release.xcconfig"; sourceTree = "<group>"; };
		28C8FC65553265C99E56FBF1 /* Pods-TaskTests.debug.xcconfig */ = {isa = PBXFileReference; includeInIndex = 1; lastKnownFileType = text.xcconfig; name = "Pods-TaskTests.debug.xcconfig"; path = "Target Support Files/Pods-TaskTests/Pods-TaskTests.debug.xcconfig"; sourceTree = "<group>"; };
		5A85BF30DE908AE21D42F613 /* Pods_TaskTests.framework */ = {isa = PBXFileReference; explicitFileType = wrapper.framework; includeInIndex = 0; path = Pods_TaskTests.framework; sourceTree = BUILT_PRODUCTS_DIR; };
		6075664A39B138F6060301C3 /* Pods-Task.debug.xcconfig */ = {isa = PBXFileReference; includeInIndex = 1; lastKnownFileType = text.xcconfig; name = "Pods-Task.debug.xcconfig"; path = "Target Support Files/Pods-Task/Pods-Task.debug.xcconfig"; sourceTree = "<group>"; };
		76420D1D6763E36900602162 /* Pods_Task_TaskUITests.framework */ = {isa = PBXFileReference; explicitFileType = wrapper.framework; includeInIndex = 0; path = Pods_Task_TaskUITests.framework; sourceTree = BUILT_PRODUCTS_DIR; };
		87C9420D5B1BF2F7EBA48858 /* Pods-Task-TaskUITests.release.xcconfig */ = {isa = PBXFileReference; includeInIndex = 1; lastKnownFileType = text.xcconfig; name = "Pods-Task-TaskUITests.release.xcconfig"; path = "Target Support Files/Pods-Task-TaskUITests/Pods-Task-TaskUITests.release.xcconfig"; sourceTree = "<group>"; };
		97BBF788E8DEA12266A4F9BA /* Pods-Task-TaskUITests.debug.xcconfig */ = {isa = PBXFileReference; includeInIndex = 1; lastKnownFileType = text.xcconfig; name = "Pods-Task-TaskUITests.debug.xcconfig"; path = "Target Support Files/Pods-Task-TaskUITests/Pods-Task-TaskUITests.debug.xcconfig"; sourceTree = "<group>"; };
		B21B25652C0F810F009B95F9 /* Task.app */ = {isa = PBXFileReference; explicitFileType = wrapper.application; includeInIndex = 0; path = Task.app; sourceTree = BUILT_PRODUCTS_DIR; };
		B21B25682C0F810F009B95F9 /* AppDelegate.swift */ = {isa = PBXFileReference; lastKnownFileType = sourcecode.swift; path = AppDelegate.swift; sourceTree = "<group>"; };
		B21B256A2C0F810F009B95F9 /* SceneDelegate.swift */ = {isa = PBXFileReference; lastKnownFileType = sourcecode.swift; path = SceneDelegate.swift; sourceTree = "<group>"; };
		B21B256C2C0F810F009B95F9 /* ViewController.swift */ = {isa = PBXFileReference; lastKnownFileType = sourcecode.swift; path = ViewController.swift; sourceTree = "<group>"; };
		B21B256F2C0F810F009B95F9 /* Base */ = {isa = PBXFileReference; lastKnownFileType = file.storyboard; name = Base; path = Base.lproj/Main.storyboard; sourceTree = "<group>"; };
		B21B25712C0F8111009B95F9 /* Assets.xcassets */ = {isa = PBXFileReference; lastKnownFileType = folder.assetcatalog; path = Assets.xcassets; sourceTree = "<group>"; };
		B21B25742C0F8111009B95F9 /* Base */ = {isa = PBXFileReference; lastKnownFileType = file.storyboard; name = Base; path = Base.lproj/LaunchScreen.storyboard; sourceTree = "<group>"; };
		B21B25762C0F8111009B95F9 /* Info.plist */ = {isa = PBXFileReference; lastKnownFileType = text.plist.xml; path = Info.plist; sourceTree = "<group>"; };
		B21B257B2C0F8111009B95F9 /* TaskTests.xctest */ = {isa = PBXFileReference; explicitFileType = wrapper.cfbundle; includeInIndex = 0; path = TaskTests.xctest; sourceTree = BUILT_PRODUCTS_DIR; };
		B21B257F2C0F8111009B95F9 /* TaskTests.swift */ = {isa = PBXFileReference; lastKnownFileType = sourcecode.swift; path = TaskTests.swift; sourceTree = "<group>"; };
		B21B25852C0F8111009B95F9 /* TaskUITests.xctest */ = {isa = PBXFileReference; explicitFileType = wrapper.cfbundle; includeInIndex = 0; path = TaskUITests.xctest; sourceTree = BUILT_PRODUCTS_DIR; };
		B21B25892C0F8111009B95F9 /* TaskUITests.swift */ = {isa = PBXFileReference; lastKnownFileType = sourcecode.swift; path = TaskUITests.swift; sourceTree = "<group>"; };
		B21B258B2C0F8111009B95F9 /* TaskUITestsLaunchTests.swift */ = {isa = PBXFileReference; lastKnownFileType = sourcecode.swift; path = TaskUITestsLaunchTests.swift; sourceTree = "<group>"; };
		B21B259A2C0F826F009B95F9 /* ListingViewController.swift */ = {isa = PBXFileReference; lastKnownFileType = sourcecode.swift; path = ListingViewController.swift; sourceTree = "<group>"; };
		B21B259D2C0F82B0009B95F9 /* ListingPresenter.swift */ = {isa = PBXFileReference; lastKnownFileType = sourcecode.swift; path = ListingPresenter.swift; sourceTree = "<group>"; };
		B21B25A02C0F82E4009B95F9 /* ListingInteractor.swift */ = {isa = PBXFileReference; lastKnownFileType = sourcecode.swift; path = ListingInteractor.swift; sourceTree = "<group>"; };
		B21B25A32C0F8339009B95F9 /* ListingEntity.swift */ = {isa = PBXFileReference; lastKnownFileType = sourcecode.swift; path = ListingEntity.swift; sourceTree = "<group>"; };
		B21B25A62C0F8377009B95F9 /* ListingRouter.swift */ = {isa = PBXFileReference; lastKnownFileType = sourcecode.swift; path = ListingRouter.swift; sourceTree = "<group>"; };
		B21B25A92C0F83D4009B95F9 /* ListingRemoteDataManager.swift */ = {isa = PBXFileReference; lastKnownFileType = sourcecode.swift; path = ListingRemoteDataManager.swift; sourceTree = "<group>"; };
		B21B25AC2C0F8407009B95F9 /* ListingLocalDataManager.swift */ = {isa = PBXFileReference; lastKnownFileType = sourcecode.swift; path = ListingLocalDataManager.swift; sourceTree = "<group>"; };
		B21B25AF2C0F85C3009B95F9 /* Protocol.swift */ = {isa = PBXFileReference; lastKnownFileType = sourcecode.swift; path = Protocol.swift; sourceTree = "<group>"; };
		B21B25B62C0F8BD8009B95F9 /* CustomTableViewCell.swift */ = {isa = PBXFileReference; lastKnownFileType = sourcecode.swift; path = CustomTableViewCell.swift; sourceTree = "<group>"; };
		B21B25B72C0F8BD8009B95F9 /* CustomTableViewCell.xib */ = {isa = PBXFileReference; lastKnownFileType = file.xib; path = CustomTableViewCell.xib; sourceTree = "<group>"; };
		B21B25BA2C0F8CCE009B95F9 /* DetailsViewController.swift */ = {isa = PBXFileReference; lastKnownFileType = sourcecode.swift; path = DetailsViewController.swift; sourceTree = "<group>"; };
		B21B25BC2C0F8CF5009B95F9 /* DetailsRouter.swift */ = {isa = PBXFileReference; lastKnownFileType = sourcecode.swift; path = DetailsRouter.swift; sourceTree = "<group>"; };
		B8A56D520DD2203029727CEF /* Pods_Task.framework */ = {isa = PBXFileReference; explicitFileType = wrapper.framework; includeInIndex = 0; path = Pods_Task.framework; sourceTree = BUILT_PRODUCTS_DIR; };
		C79643C9A66BE753AAB5C4AF /* Pods-Task.release.xcconfig */ = {isa = PBXFileReference; includeInIndex = 1; lastKnownFileType = text.xcconfig; name = "Pods-Task.release.xcconfig"; path = "Target Support Files/Pods-Task/Pods-Task.release.xcconfig"; sourceTree = "<group>"; };
/* End PBXFileReference section */

/* Begin PBXFrameworksBuildPhase section */
		B21B25622C0F810F009B95F9 /* Frameworks */ = {
			isa = PBXFrameworksBuildPhase;
			buildActionMask = 2147483647;
			files = (
				E94A6CA256992AEF16695B72 /* Pods_Task.framework in Frameworks */,
			);
			runOnlyForDeploymentPostprocessing = 0;
		};
		B21B25782C0F8111009B95F9 /* Frameworks */ = {
			isa = PBXFrameworksBuildPhase;
			buildActionMask = 2147483647;
			files = (
				622E08D022DEFFB7D3D9AD68 /* Pods_TaskTests.framework in Frameworks */,
			);
			runOnlyForDeploymentPostprocessing = 0;
		};
		B21B25822C0F8111009B95F9 /* Frameworks */ = {
			isa = PBXFrameworksBuildPhase;
			buildActionMask = 2147483647;
			files = (
				B65CCE1B8E0DEA3DCF5335C3 /* Pods_Task_TaskUITests.framework in Frameworks */,
			);
			runOnlyForDeploymentPostprocessing = 0;
		};
/* End PBXFrameworksBuildPhase section */

/* Begin PBXGroup section */
		6AC9F7DFA7EB6E426630CB04 /* Frameworks */ = {
			isa = PBXGroup;
			children = (
				B8A56D520DD2203029727CEF /* Pods_Task.framework */,
				76420D1D6763E36900602162 /* Pods_Task_TaskUITests.framework */,
				5A85BF30DE908AE21D42F613 /* Pods_TaskTests.framework */,
			);
			name = Frameworks;
			sourceTree = "<group>";
		};
		79FB4C3F7E3D72F2006AB5BC /* Pods */ = {
			isa = PBXGroup;
			children = (
				6075664A39B138F6060301C3 /* Pods-Task.debug.xcconfig */,
				C79643C9A66BE753AAB5C4AF /* Pods-Task.release.xcconfig */,
				97BBF788E8DEA12266A4F9BA /* Pods-Task-TaskUITests.debug.xcconfig */,
				87C9420D5B1BF2F7EBA48858 /* Pods-Task-TaskUITests.release.xcconfig */,
				28C8FC65553265C99E56FBF1 /* Pods-TaskTests.debug.xcconfig */,
				14A5A466F1FE415972546CF4 /* Pods-TaskTests.release.xcconfig */,
			);
			path = Pods;
			sourceTree = "<group>";
		};
		B21B255C2C0F810F009B95F9 = {
			isa = PBXGroup;
			children = (
				B21B25672C0F810F009B95F9 /* Task */,
				B21B257E2C0F8111009B95F9 /* TaskTests */,
				B21B25882C0F8111009B95F9 /* TaskUITests */,
				B21B25662C0F810F009B95F9 /* Products */,
				79FB4C3F7E3D72F2006AB5BC /* Pods */,
				6AC9F7DFA7EB6E426630CB04 /* Frameworks */,
			);
			sourceTree = "<group>";
		};
		B21B25662C0F810F009B95F9 /* Products */ = {
			isa = PBXGroup;
			children = (
				B21B25652C0F810F009B95F9 /* Task.app */,
				B21B257B2C0F8111009B95F9 /* TaskTests.xctest */,
				B21B25852C0F8111009B95F9 /* TaskUITests.xctest */,
			);
			name = Products;
			sourceTree = "<group>";
		};
		B21B25672C0F810F009B95F9 /* Task */ = {
			isa = PBXGroup;
			children = (
				B21B25682C0F810F009B95F9 /* AppDelegate.swift */,
				B21B256A2C0F810F009B95F9 /* SceneDelegate.swift */,
				B21B256C2C0F810F009B95F9 /* ViewController.swift */,
				B21B25AB2C0F83EE009B95F9 /* Database */,
				B21B25A82C0F83BA009B95F9 /* Network */,
				B21B25982C0F8220009B95F9 /* Listing */,
				B21B256E2C0F810F009B95F9 /* Main.storyboard */,
				B21B25712C0F8111009B95F9 /* Assets.xcassets */,
				B21B25732C0F8111009B95F9 /* LaunchScreen.storyboard */,
				B21B25762C0F8111009B95F9 /* Info.plist */,
			);
			path = Task;
			sourceTree = "<group>";
		};
		B21B257E2C0F8111009B95F9 /* TaskTests */ = {
			isa = PBXGroup;
			children = (
				B21B257F2C0F8111009B95F9 /* TaskTests.swift */,
			);
			path = TaskTests;
			sourceTree = "<group>";
		};
		B21B25882C0F8111009B95F9 /* TaskUITests */ = {
			isa = PBXGroup;
			children = (
				B21B25892C0F8111009B95F9 /* TaskUITests.swift */,
				B21B258B2C0F8111009B95F9 /* TaskUITestsLaunchTests.swift */,
			);
			path = TaskUITests;
			sourceTree = "<group>";
		};
		B21B25982C0F8220009B95F9 /* Listing */ = {
			isa = PBXGroup;
			children = (
				B21B25AE2C0F8567009B95F9 /* Protocol */,
				B21B25A52C0F8351009B95F9 /* Router */,
				B21B25A22C0F8325009B95F9 /* Entity */,
				B21B259F2C0F82CF009B95F9 /* Interactor */,
				B21B259C2C0F8298009B95F9 /* Presenter */,
				B21B25992C0F8250009B95F9 /* Views */,
			);
			path = Listing;
			sourceTree = "<group>";
		};
		B21B25992C0F8250009B95F9 /* Views */ = {
			isa = PBXGroup;
			children = (
				B21B259A2C0F826F009B95F9 /* ListingViewController.swift */,
				B21B25BA2C0F8CCE009B95F9 /* DetailsViewController.swift */,
				B21B25B12C0F8B79009B95F9 /* TableCell */,
			);
			path = Views;
			sourceTree = "<group>";
		};
		B21B259C2C0F8298009B95F9 /* Presenter */ = {
			isa = PBXGroup;
			children = (
				B21B259D2C0F82B0009B95F9 /* ListingPresenter.swift */,
			);
			path = Presenter;
			sourceTree = "<group>";
		};
		B21B259F2C0F82CF009B95F9 /* Interactor */ = {
			isa = PBXGroup;
			children = (
				B21B25A02C0F82E4009B95F9 /* ListingInteractor.swift */,
			);
			path = Interactor;
			sourceTree = "<group>";
		};
		B21B25A22C0F8325009B95F9 /* Entity */ = {
			isa = PBXGroup;
			children = (
				B21B25A32C0F8339009B95F9 /* ListingEntity.swift */,
			);
			path = Entity;
			sourceTree = "<group>";
		};
		B21B25A52C0F8351009B95F9 /* Router */ = {
			isa = PBXGroup;
			children = (
				B21B25A62C0F8377009B95F9 /* ListingRouter.swift */,
				B21B25BC2C0F8CF5009B95F9 /* DetailsRouter.swift */,
			);
			path = Router;
			sourceTree = "<group>";
		};
		B21B25A82C0F83BA009B95F9 /* Network */ = {
			isa = PBXGroup;
			children = (
				B21B25A92C0F83D4009B95F9 /* ListingRemoteDataManager.swift */,
			);
			path = Network;
			sourceTree = "<group>";
		};
		B21B25AB2C0F83EE009B95F9 /* Database */ = {
			isa = PBXGroup;
			children = (
				B21B25AC2C0F8407009B95F9 /* ListingLocalDataManager.swift */,
			);
			path = Database;
			sourceTree = "<group>";
		};
		B21B25AE2C0F8567009B95F9 /* Protocol */ = {
			isa = PBXGroup;
			children = (
				B21B25AF2C0F85C3009B95F9 /* Protocol.swift */,
			);
			path = Protocol;
			sourceTree = "<group>";
		};
		B21B25B12C0F8B79009B95F9 /* TableCell */ = {
			isa = PBXGroup;
			children = (
				B21B25B62C0F8BD8009B95F9 /* CustomTableViewCell.swift */,
				B21B25B72C0F8BD8009B95F9 /* CustomTableViewCell.xib */,
			);
			path = TableCell;
			sourceTree = "<group>";
		};
/* End PBXGroup section */

/* Begin PBXNativeTarget section */
		B21B25642C0F810F009B95F9 /* Task */ = {
			isa = PBXNativeTarget;
			buildConfigurationList = B21B258F2C0F8111009B95F9 /* Build configuration list for PBXNativeTarget "Task" */;
			buildPhases = (
				116499BB387B6B5F88F4FF45 /* [CP] Check Pods Manifest.lock */,
				B21B25612C0F810F009B95F9 /* Sources */,
				B21B25622C0F810F009B95F9 /* Frameworks */,
				B21B25632C0F810F009B95F9 /* Resources */,
				F9D916B60436D756972723B7 /* [CP] Embed Pods Frameworks */,
			);
			buildRules = (
			);
			dependencies = (
			);
			name = Task;
			productName = Task;
			productReference = B21B25652C0F810F009B95F9 /* Task.app */;
			productType = "com.apple.product-type.application";
		};
		B21B257A2C0F8111009B95F9 /* TaskTests */ = {
			isa = PBXNativeTarget;
			buildConfigurationList = B21B25922C0F8111009B95F9 /* Build configuration list for PBXNativeTarget "TaskTests" */;
			buildPhases = (
				CFF25413B4BECB07AF29E702 /* [CP] Check Pods Manifest.lock */,
				B21B25772C0F8111009B95F9 /* Sources */,
				B21B25782C0F8111009B95F9 /* Frameworks */,
				B21B25792C0F8111009B95F9 /* Resources */,
			);
			buildRules = (
			);
			dependencies = (
				B21B257D2C0F8111009B95F9 /* PBXTargetDependency */,
			);
			name = TaskTests;
			productName = TaskTests;
			productReference = B21B257B2C0F8111009B95F9 /* TaskTests.xctest */;
			productType = "com.apple.product-type.bundle.unit-test";
		};
		B21B25842C0F8111009B95F9 /* TaskUITests */ = {
			isa = PBXNativeTarget;
			buildConfigurationList = B21B25952C0F8111009B95F9 /* Build configuration list for PBXNativeTarget "TaskUITests" */;
			buildPhases = (
				785C475C2DF1503590015AC4 /* [CP] Check Pods Manifest.lock */,
				B21B25812C0F8111009B95F9 /* Sources */,
				B21B25822C0F8111009B95F9 /* Frameworks */,
				B21B25832C0F8111009B95F9 /* Resources */,
				171A3B1D8331D7BDB5D34E43 /* [CP] Embed Pods Frameworks */,
			);
			buildRules = (
			);
			dependencies = (
				B21B25872C0F8111009B95F9 /* PBXTargetDependency */,
			);
			name = TaskUITests;
			productName = TaskUITests;
			productReference = B21B25852C0F8111009B95F9 /* TaskUITests.xctest */;
			productType = "com.apple.product-type.bundle.ui-testing";
		};
/* End PBXNativeTarget section */

/* Begin PBXProject section */
		B21B255D2C0F810F009B95F9 /* Project object */ = {
			isa = PBXProject;
			attributes = {
				BuildIndependentTargetsInParallel = 1;
				LastSwiftUpdateCheck = 1500;
				LastUpgradeCheck = 1500;
				TargetAttributes = {
					B21B25642C0F810F009B95F9 = {
						CreatedOnToolsVersion = 15.0;
					};
					B21B257A2C0F8111009B95F9 = {
						CreatedOnToolsVersion = 15.0;
						TestTargetID = B21B25642C0F810F009B95F9;
					};
					B21B25842C0F8111009B95F9 = {
						CreatedOnToolsVersion = 15.0;
						TestTargetID = B21B25642C0F810F009B95F9;
					};
				};
			};
			buildConfigurationList = B21B25602C0F810F009B95F9 /* Build configuration list for PBXProject "Task" */;
			compatibilityVersion = "Xcode 14.0";
			developmentRegion = en;
			hasScannedForEncodings = 0;
			knownRegions = (
				en,
				Base,
			);
			mainGroup = B21B255C2C0F810F009B95F9;
			productRefGroup = B21B25662C0F810F009B95F9 /* Products */;
			projectDirPath = "";
			projectRoot = "";
			targets = (
				B21B25642C0F810F009B95F9 /* Task */,
				B21B257A2C0F8111009B95F9 /* TaskTests */,
				B21B25842C0F8111009B95F9 /* TaskUITests */,
			);
		};
/* End PBXProject section */

/* Begin PBXResourcesBuildPhase section */
		B21B25632C0F810F009B95F9 /* Resources */ = {
			isa = PBXResourcesBuildPhase;
			buildActionMask = 2147483647;
			files = (
				B21B25752C0F8111009B95F9 /* LaunchScreen.storyboard in Resources */,
				B21B25722C0F8111009B95F9 /* Assets.xcassets in Resources */,
				B21B25B92C0F8BD8009B95F9 /* CustomTableViewCell.xib in Resources */,
				B21B25702C0F810F009B95F9 /* Main.storyboard in Resources */,
			);
			runOnlyForDeploymentPostprocessing = 0;
		};
		B21B25792C0F8111009B95F9 /* Resources */ = {
			isa = PBXResourcesBuildPhase;
			buildActionMask = 2147483647;
			files = (
			);
			runOnlyForDeploymentPostprocessing = 0;
		};
		B21B25832C0F8111009B95F9 /* Resources */ = {
			isa = PBXResourcesBuildPhase;
			buildActionMask = 2147483647;
			files = (
			);
			runOnlyForDeploymentPostprocessing = 0;
		};
/* End PBXResourcesBuildPhase section */

/* Begin PBXShellScriptBuildPhase section */
		116499BB387B6B5F88F4FF45 /* [CP] Check Pods Manifest.lock */ = {
			isa = PBXShellScriptBuildPhase;
			buildActionMask = 2147483647;
			files = (
			);
			inputFileListPaths = (
			);
			inputPaths = (
				"${PODS_PODFILE_DIR_PATH}/Podfile.lock",
				"${PODS_ROOT}/Manifest.lock",
			);
			name = "[CP] Check Pods Manifest.lock";
			outputFileListPaths = (
			);
			outputPaths = (
				"$(DERIVED_FILE_DIR)/Pods-Task-checkManifestLockResult.txt",
			);
			runOnlyForDeploymentPostprocessing = 0;
			shellPath = /bin/sh;
			shellScript = "diff \"${PODS_PODFILE_DIR_PATH}/Podfile.lock\" \"${PODS_ROOT}/Manifest.lock\" > /dev/null\nif [ $? != 0 ] ; then\n    # print error to STDERR\n    echo \"error: The sandbox is not in sync with the Podfile.lock. Run 'pod install' or update your CocoaPods installation.\" >&2\n    exit 1\nfi\n# This output is used by Xcode 'outputs' to avoid re-running this script phase.\necho \"SUCCESS\" > \"${SCRIPT_OUTPUT_FILE_0}\"\n";
			showEnvVarsInLog = 0;
		};
		171A3B1D8331D7BDB5D34E43 /* [CP] Embed Pods Frameworks */ = {
			isa = PBXShellScriptBuildPhase;
			buildActionMask = 2147483647;
			files = (
			);
			inputFileListPaths = (
				"${PODS_ROOT}/Target Support Files/Pods-Task-TaskUITests/Pods-Task-TaskUITests-frameworks-${CONFIGURATION}-input-files.xcfilelist",
			);
			name = "[CP] Embed Pods Frameworks";
			outputFileListPaths = (
				"${PODS_ROOT}/Target Support Files/Pods-Task-TaskUITests/Pods-Task-TaskUITests-frameworks-${CONFIGURATION}-output-files.xcfilelist",
			);
			runOnlyForDeploymentPostprocessing = 0;
			shellPath = /bin/sh;
			shellScript = "\"${PODS_ROOT}/Target Support Files/Pods-Task-TaskUITests/Pods-Task-TaskUITests-frameworks.sh\"\n";
			showEnvVarsInLog = 0;
		};
		785C475C2DF1503590015AC4 /* [CP] Check Pods Manifest.lock */ = {
			isa = PBXShellScriptBuildPhase;
			buildActionMask = 2147483647;
			files = (
			);
			inputFileListPaths = (
			);
			inputPaths = (
				"${PODS_PODFILE_DIR_PATH}/Podfile.lock",
				"${PODS_ROOT}/Manifest.lock",
			);
			name = "[CP] Check Pods Manifest.lock";
			outputFileListPaths = (
			);
			outputPaths = (
				"$(DERIVED_FILE_DIR)/Pods-Task-TaskUITests-checkManifestLockResult.txt",
			);
			runOnlyForDeploymentPostprocessing = 0;
			shellPath = /bin/sh;
			shellScript = "diff \"${PODS_PODFILE_DIR_PATH}/Podfile.lock\" \"${PODS_ROOT}/Manifest.lock\" > /dev/null\nif [ $? != 0 ] ; then\n    # print error to STDERR\n    echo \"error: The sandbox is not in sync with the Podfile.lock. Run 'pod install' or update your CocoaPods installation.\" >&2\n    exit 1\nfi\n# This output is used by Xcode 'outputs' to avoid re-running this script phase.\necho \"SUCCESS\" > \"${SCRIPT_OUTPUT_FILE_0}\"\n";
			showEnvVarsInLog = 0;
		};
		CFF25413B4BECB07AF29E702 /* [CP] Check Pods Manifest.lock */ = {
			isa = PBXShellScriptBuildPhase;
			buildActionMask = 2147483647;
			files = (
			);
			inputFileListPaths = (
			);
			inputPaths = (
				"${PODS_PODFILE_DIR_PATH}/Podfile.lock",
				"${PODS_ROOT}/Manifest.lock",
			);
			name = "[CP] Check Pods Manifest.lock";
			outputFileListPaths = (
			);
			outputPaths = (
				"$(DERIVED_FILE_DIR)/Pods-TaskTests-checkManifestLockResult.txt",
			);
			runOnlyForDeploymentPostprocessing = 0;
			shellPath = /bin/sh;
			shellScript = "diff \"${PODS_PODFILE_DIR_PATH}/Podfile.lock\" \"${PODS_ROOT}/Manifest.lock\" > /dev/null\nif [ $? != 0 ] ; then\n    # print error to STDERR\n    echo \"error: The sandbox is not in sync with the Podfile.lock. Run 'pod install' or update your CocoaPods installation.\" >&2\n    exit 1\nfi\n# This output is used by Xcode 'outputs' to avoid re-running this script phase.\necho \"SUCCESS\" > \"${SCRIPT_OUTPUT_FILE_0}\"\n";
			showEnvVarsInLog = 0;
		};
		F9D916B60436D756972723B7 /* [CP] Embed Pods Frameworks */ = {
			isa = PBXShellScriptBuildPhase;
			buildActionMask = 2147483647;
			files = (
			);
			inputFileListPaths = (
				"${PODS_ROOT}/Target Support Files/Pods-Task/Pods-Task-frameworks-${CONFIGURATION}-input-files.xcfilelist",
			);
			name = "[CP] Embed Pods Frameworks";
			outputFileListPaths = (
				"${PODS_ROOT}/Target Support Files/Pods-Task/Pods-Task-frameworks-${CONFIGURATION}-output-files.xcfilelist",
			);
			runOnlyForDeploymentPostprocessing = 0;
			shellPath = /bin/sh;
			shellScript = "\"${PODS_ROOT}/Target Support Files/Pods-Task/Pods-Task-frameworks.sh\"\n";
			showEnvVarsInLog = 0;
		};
/* End PBXShellScriptBuildPhase section */

/* Begin PBXSourcesBuildPhase section */
		B21B25612C0F810F009B95F9 /* Sources */ = {
			isa = PBXSourcesBuildPhase;
			buildActionMask = 2147483647;
			files = (
				B21B25AD2C0F8407009B95F9 /* ListingLocalDataManager.swift in Sources */,
				B21B256D2C0F810F009B95F9 /* ViewController.swift in Sources */,
				B21B25A72C0F8377009B95F9 /* ListingRouter.swift in Sources */,
				B21B25AA2C0F83D4009B95F9 /* ListingRemoteDataManager.swift in Sources */,
				B21B25A12C0F82E4009B95F9 /* ListingInteractor.swift in Sources */,
				B21B25692C0F810F009B95F9 /* AppDelegate.swift in Sources */,
				B21B25B82C0F8BD8009B95F9 /* CustomTableViewCell.swift in Sources */,
				B21B25B02C0F85C3009B95F9 /* Protocol.swift in Sources */,
				B21B259E2C0F82B0009B95F9 /* ListingPresenter.swift in Sources */,
				B21B25A42C0F8339009B95F9 /* ListingEntity.swift in Sources */,
				B21B256B2C0F810F009B95F9 /* SceneDelegate.swift in Sources */,
				B21B25BB2C0F8CCE009B95F9 /* DetailsViewController.swift in Sources */,
				B21B259B2C0F826F009B95F9 /* ListingViewController.swift in Sources */,
				B21B25BD2C0F8CF5009B95F9 /* DetailsRouter.swift in Sources */,
			);
			runOnlyForDeploymentPostprocessing = 0;
		};
		B21B25772C0F8111009B95F9 /* Sources */ = {
			isa = PBXSourcesBuildPhase;
			buildActionMask = 2147483647;
			files = (
				B21B25802C0F8111009B95F9 /* TaskTests.swift in Sources */,
			);
			runOnlyForDeploymentPostprocessing = 0;
		};
		B21B25812C0F8111009B95F9 /* Sources */ = {
			isa = PBXSourcesBuildPhase;
			buildActionMask = 2147483647;
			files = (
				B21B258A2C0F8111009B95F9 /* TaskUITests.swift in Sources */,
				B21B258C2C0F8111009B95F9 /* TaskUITestsLaunchTests.swift in Sources */,
			);
			runOnlyForDeploymentPostprocessing = 0;
		};
/* End PBXSourcesBuildPhase section */

/* Begin PBXTargetDependency section */
		B21B257D2C0F8111009B95F9 /* PBXTargetDependency */ = {
			isa = PBXTargetDependency;
			target = B21B25642C0F810F009B95F9 /* Task */;
			targetProxy = B21B257C2C0F8111009B95F9 /* PBXContainerItemProxy */;
		};
		B21B25872C0F8111009B95F9 /* PBXTargetDependency */ = {
			isa = PBXTargetDependency;
			target = B21B25642C0F810F009B95F9 /* Task */;
			targetProxy = B21B25862C0F8111009B95F9 /* PBXContainerItemProxy */;
		};
/* End PBXTargetDependency section */

/* Begin PBXVariantGroup section */
		B21B256E2C0F810F009B95F9 /* Main.storyboard */ = {
			isa = PBXVariantGroup;
			children = (
				B21B256F2C0F810F009B95F9 /* Base */,
			);
			name = Main.storyboard;
			sourceTree = "<group>";
		};
		B21B25732C0F8111009B95F9 /* LaunchScreen.storyboard */ = {
			isa = PBXVariantGroup;
			children = (
				B21B25742C0F8111009B95F9 /* Base */,
			);
			name = LaunchScreen.storyboard;
			sourceTree = "<group>";
		};
/* End PBXVariantGroup section */

/* Begin XCBuildConfiguration section */
		B21B258D2C0F8111009B95F9 /* Debug */ = {
			isa = XCBuildConfiguration;
			buildSettings = {
				ALWAYS_SEARCH_USER_PATHS = NO;
				ASSETCATALOG_COMPILER_GENERATE_SWIFT_ASSET_SYMBOL_EXTENSIONS = YES;
				CLANG_ANALYZER_NONNULL = YES;
				CLANG_ANALYZER_NUMBER_OBJECT_CONVERSION = YES_AGGRESSIVE;
				CLANG_CXX_LANGUAGE_STANDARD = "gnu++20";
				CLANG_ENABLE_MODULES = YES;
				CLANG_ENABLE_OBJC_ARC = YES;
				CLANG_ENABLE_OBJC_WEAK = YES;
				CLANG_WARN_BLOCK_CAPTURE_AUTORELEASING = YES;
				CLANG_WARN_BOOL_CONVERSION = YES;
				CLANG_WARN_COMMA = YES;
				CLANG_WARN_CONSTANT_CONVERSION = YES;
				CLANG_WARN_DEPRECATED_OBJC_IMPLEMENTATIONS = YES;
				CLANG_WARN_DIRECT_OBJC_ISA_USAGE = YES_ERROR;
				CLANG_WARN_DOCUMENTATION_COMMENTS = YES;
				CLANG_WARN_EMPTY_BODY = YES;
				CLANG_WARN_ENUM_CONVERSION = YES;
				CLANG_WARN_INFINITE_RECURSION = YES;
				CLANG_WARN_INT_CONVERSION = YES;
				CLANG_WARN_NON_LITERAL_NULL_CONVERSION = YES;
				CLANG_WARN_OBJC_IMPLICIT_RETAIN_SELF = YES;
				CLANG_WARN_OBJC_LITERAL_CONVERSION = YES;
				CLANG_WARN_OBJC_ROOT_CLASS = YES_ERROR;
				CLANG_WARN_QUOTED_INCLUDE_IN_FRAMEWORK_HEADER = YES;
				CLANG_WARN_RANGE_LOOP_ANALYSIS = YES;
				CLANG_WARN_STRICT_PROTOTYPES = YES;
				CLANG_WARN_SUSPICIOUS_MOVE = YES;
				CLANG_WARN_UNGUARDED_AVAILABILITY = YES_AGGRESSIVE;
				CLANG_WARN_UNREACHABLE_CODE = YES;
				CLANG_WARN__DUPLICATE_METHOD_MATCH = YES;
				COPY_PHASE_STRIP = NO;
				DEBUG_INFORMATION_FORMAT = dwarf;
				ENABLE_STRICT_OBJC_MSGSEND = YES;
				ENABLE_TESTABILITY = YES;
				ENABLE_USER_SCRIPT_SANDBOXING = YES;
				GCC_C_LANGUAGE_STANDARD = gnu17;
				GCC_DYNAMIC_NO_PIC = NO;
				GCC_NO_COMMON_BLOCKS = YES;
				GCC_OPTIMIZATION_LEVEL = 0;
				GCC_PREPROCESSOR_DEFINITIONS = (
					"DEBUG=1",
					"$(inherited)",
				);
				GCC_WARN_64_TO_32_BIT_CONVERSION = YES;
				GCC_WARN_ABOUT_RETURN_TYPE = YES_ERROR;
				GCC_WARN_UNDECLARED_SELECTOR = YES;
				GCC_WARN_UNINITIALIZED_AUTOS = YES_AGGRESSIVE;
				GCC_WARN_UNUSED_FUNCTION = YES;
				GCC_WARN_UNUSED_VARIABLE = YES;
				IPHONEOS_DEPLOYMENT_TARGET = 17.0;
				LOCALIZATION_PREFERS_STRING_CATALOGS = YES;
				MTL_ENABLE_DEBUG_INFO = INCLUDE_SOURCE;
				MTL_FAST_MATH = YES;
				ONLY_ACTIVE_ARCH = YES;
				SDKROOT = iphoneos;
				SWIFT_ACTIVE_COMPILATION_CONDITIONS = "DEBUG $(inherited)";
				SWIFT_OPTIMIZATION_LEVEL = "-Onone";
			};
			name = Debug;
		};
		B21B258E2C0F8111009B95F9 /* Release */ = {
			isa = XCBuildConfiguration;
			buildSettings = {
				ALWAYS_SEARCH_USER_PATHS = NO;
				ASSETCATALOG_COMPILER_GENERATE_SWIFT_ASSET_SYMBOL_EXTENSIONS = YES;
				CLANG_ANALYZER_NONNULL = YES;
				CLANG_ANALYZER_NUMBER_OBJECT_CONVERSION = YES_AGGRESSIVE;
				CLANG_CXX_LANGUAGE_STANDARD = "gnu++20";
				CLANG_ENABLE_MODULES = YES;
				CLANG_ENABLE_OBJC_ARC = YES;
				CLANG_ENABLE_OBJC_WEAK = YES;
				CLANG_WARN_BLOCK_CAPTURE_AUTORELEASING = YES;
				CLANG_WARN_BOOL_CONVERSION = YES;
				CLANG_WARN_COMMA = YES;
				CLANG_WARN_CONSTANT_CONVERSION = YES;
				CLANG_WARN_DEPRECATED_OBJC_IMPLEMENTATIONS = YES;
				CLANG_WARN_DIRECT_OBJC_ISA_USAGE = YES_ERROR;
				CLANG_WARN_DOCUMENTATION_COMMENTS = YES;
				CLANG_WARN_EMPTY_BODY = YES;
				CLANG_WARN_ENUM_CONVERSION = YES;
				CLANG_WARN_INFINITE_RECURSION = YES;
				CLANG_WARN_INT_CONVERSION = YES;
				CLANG_WARN_NON_LITERAL_NULL_CONVERSION = YES;
				CLANG_WARN_OBJC_IMPLICIT_RETAIN_SELF = YES;
				CLANG_WARN_OBJC_LITERAL_CONVERSION = YES;
				CLANG_WARN_OBJC_ROOT_CLASS = YES_ERROR;
				CLANG_WARN_QUOTED_INCLUDE_IN_FRAMEWORK_HEADER = YES;
				CLANG_WARN_RANGE_LOOP_ANALYSIS = YES;
				CLANG_WARN_STRICT_PROTOTYPES = YES;
				CLANG_WARN_SUSPICIOUS_MOVE = YES;
				CLANG_WARN_UNGUARDED_AVAILABILITY = YES_AGGRESSIVE;
				CLANG_WARN_UNREACHABLE_CODE = YES;
				CLANG_WARN__DUPLICATE_METHOD_MATCH = YES;
				COPY_PHASE_STRIP = NO;
				DEBUG_INFORMATION_FORMAT = "dwarf-with-dsym";
				ENABLE_NS_ASSERTIONS = NO;
				ENABLE_STRICT_OBJC_MSGSEND = YES;
				ENABLE_USER_SCRIPT_SANDBOXING = YES;
				GCC_C_LANGUAGE_STANDARD = gnu17;
				GCC_NO_COMMON_BLOCKS = YES;
				GCC_WARN_64_TO_32_BIT_CONVERSION = YES;
				GCC_WARN_ABOUT_RETURN_TYPE = YES_ERROR;
				GCC_WARN_UNDECLARED_SELECTOR = YES;
				GCC_WARN_UNINITIALIZED_AUTOS = YES_AGGRESSIVE;
				GCC_WARN_UNUSED_FUNCTION = YES;
				GCC_WARN_UNUSED_VARIABLE = YES;
				IPHONEOS_DEPLOYMENT_TARGET = 17.0;
				LOCALIZATION_PREFERS_STRING_CATALOGS = YES;
				MTL_ENABLE_DEBUG_INFO = NO;
				MTL_FAST_MATH = YES;
				SDKROOT = iphoneos;
				SWIFT_COMPILATION_MODE = wholemodule;
				VALIDATE_PRODUCT = YES;
			};
			name = Release;
		};
		B21B25902C0F8111009B95F9 /* Debug */ = {
			isa = XCBuildConfiguration;
			baseConfigurationReference = 6075664A39B138F6060301C3 /* Pods-Task.debug.xcconfig */;
			buildSettings = {
				ASSETCATALOG_COMPILER_APPICON_NAME = AppIcon;
				ASSETCATALOG_COMPILER_GLOBAL_ACCENT_COLOR_NAME = AccentColor;
				CODE_SIGN_STYLE = Automatic;
				CURRENT_PROJECT_VERSION = 1;
				DEVELOPMENT_TEAM = MMY45975RU;
				ENABLE_USER_SCRIPT_SANDBOXING = NO;
				GENERATE_INFOPLIST_FILE = YES;
				INFOPLIST_FILE = Task/Info.plist;
				INFOPLIST_KEY_UIApplicationSupportsIndirectInputEvents = YES;
				INFOPLIST_KEY_UILaunchStoryboardName = LaunchScreen;
				INFOPLIST_KEY_UIMainStoryboardFile = Main;
				INFOPLIST_KEY_UISupportedInterfaceOrientations_iPad = "UIInterfaceOrientationPortrait UIInterfaceOrientationPortraitUpsideDown UIInterfaceOrientationLandscapeLeft UIInterfaceOrientationLandscapeRight";
				INFOPLIST_KEY_UISupportedInterfaceOrientations_iPhone = "UIInterfaceOrientationPortrait UIInterfaceOrientationLandscapeLeft UIInterfaceOrientationLandscapeRight";
				LD_RUNPATH_SEARCH_PATHS = (
					"$(inherited)",
					"@executable_path/Frameworks",
				);
				MARKETING_VERSION = 1.0;
				PRODUCT_BUNDLE_IDENTIFIER = com.company.sample.Task;
				PRODUCT_NAME = "$(TARGET_NAME)";
				SWIFT_EMIT_LOC_STRINGS = YES;
				SWIFT_VERSION = 5.0;
				TARGETED_DEVICE_FAMILY = "1,2";
			};
			name = Debug;
		};
		B21B25912C0F8111009B95F9 /* Release */ = {
			isa = XCBuildConfiguration;
			baseConfigurationReference = C79643C9A66BE753AAB5C4AF /* Pods-Task.release.xcconfig */;
			buildSettings = {
				ASSETCATALOG_COMPILER_APPICON_NAME = AppIcon;
				ASSETCATALOG_COMPILER_GLOBAL_ACCENT_COLOR_NAME = AccentColor;
				CODE_SIGN_STYLE = Automatic;
				CURRENT_PROJECT_VERSION = 1;
				DEVELOPMENT_TEAM = MMY45975RU;
				ENABLE_USER_SCRIPT_SANDBOXING = NO;
				GENERATE_INFOPLIST_FILE = YES;
				INFOPLIST_FILE = Task/Info.plist;
				INFOPLIST_KEY_UIApplicationSupportsIndirectInputEvents = YES;
				INFOPLIST_KEY_UILaunchStoryboardName = LaunchScreen;
				INFOPLIST_KEY_UIMainStoryboardFile = Main;
				INFOPLIST_KEY_UISupportedInterfaceOrientations_iPad = "UIInterfaceOrientationPortrait UIInterfaceOrientationPortraitUpsideDown UIInterfaceOrientationLandscapeLeft UIInterfaceOrientationLandscapeRight";
				INFOPLIST_KEY_UISupportedInterfaceOrientations_iPhone = "UIInterfaceOrientationPortrait UIInterfaceOrientationLandscapeLeft UIInterfaceOrientationLandscapeRight";
				LD_RUNPATH_SEARCH_PATHS = (
					"$(inherited)",
					"@executable_path/Frameworks",
				);
				MARKETING_VERSION = 1.0;
				PRODUCT_BUNDLE_IDENTIFIER = com.company.sample.Task;
				PRODUCT_NAME = "$(TARGET_NAME)";
				SWIFT_EMIT_LOC_STRINGS = YES;
				SWIFT_VERSION = 5.0;
				TARGETED_DEVICE_FAMILY = "1,2";
			};
			name = Release;
		};
		B21B25932C0F8111009B95F9 /* Debug */ = {
			isa = XCBuildConfiguration;
			baseConfigurationReference = 28C8FC65553265C99E56FBF1 /* Pods-TaskTests.debug.xcconfig */;
			buildSettings = {
				ALWAYS_EMBED_SWIFT_STANDARD_LIBRARIES = YES;
				BUNDLE_LOADER = "$(TEST_HOST)";
				CODE_SIGN_STYLE = Automatic;
				CURRENT_PROJECT_VERSION = 1;
				DEVELOPMENT_TEAM = MMY45975RU;
				GENERATE_INFOPLIST_FILE = YES;
				IPHONEOS_DEPLOYMENT_TARGET = 17.0;
				MARKETING_VERSION = 1.0;
				PRODUCT_BUNDLE_IDENTIFIER = com.company.sample.TaskTests;
				PRODUCT_NAME = "$(TARGET_NAME)";
				SWIFT_EMIT_LOC_STRINGS = NO;
				SWIFT_VERSION = 5.0;
				TARGETED_DEVICE_FAMILY = "1,2";
				TEST_HOST = "$(BUILT_PRODUCTS_DIR)/Task.app/$(BUNDLE_EXECUTABLE_FOLDER_PATH)/Task";
			};
			name = Debug;
		};
		B21B25942C0F8111009B95F9 /* Release */ = {
			isa = XCBuildConfiguration;
			baseConfigurationReference = 14A5A466F1FE415972546CF4 /* Pods-TaskTests.release.xcconfig */;
			buildSettings = {
				ALWAYS_EMBED_SWIFT_STANDARD_LIBRARIES = YES;
				BUNDLE_LOADER = "$(TEST_HOST)";
				CODE_SIGN_STYLE = Automatic;
				CURRENT_PROJECT_VERSION = 1;
				DEVELOPMENT_TEAM = MMY45975RU;
				GENERATE_INFOPLIST_FILE = YES;
				IPHONEOS_DEPLOYMENT_TARGET = 17.0;
				MARKETING_VERSION = 1.0;
				PRODUCT_BUNDLE_IDENTIFIER = com.company.sample.TaskTests;
				PRODUCT_NAME = "$(TARGET_NAME)";
				SWIFT_EMIT_LOC_STRINGS = NO;
				SWIFT_VERSION = 5.0;
				TARGETED_DEVICE_FAMILY = "1,2";
				TEST_HOST = "$(BUILT_PRODUCTS_DIR)/Task.app/$(BUNDLE_EXECUTABLE_FOLDER_PATH)/Task";
			};
			name = Release;
		};
		B21B25962C0F8111009B95F9 /* Debug */ = {
			isa = XCBuildConfiguration;
			baseConfigurationReference = 97BBF788E8DEA12266A4F9BA /* Pods-Task-TaskUITests.debug.xcconfig */;
			buildSettings = {
				ALWAYS_EMBED_SWIFT_STANDARD_LIBRARIES = YES;
				CODE_SIGN_STYLE = Automatic;
				CURRENT_PROJECT_VERSION = 1;
				DEVELOPMENT_TEAM = MMY45975RU;
				GENERATE_INFOPLIST_FILE = YES;
				MARKETING_VERSION = 1.0;
				PRODUCT_BUNDLE_IDENTIFIER = com.company.sample.TaskUITests;
				PRODUCT_NAME = "$(TARGET_NAME)";
				SWIFT_EMIT_LOC_STRINGS = NO;
				SWIFT_VERSION = 5.0;
				TARGETED_DEVICE_FAMILY = "1,2";
				TEST_TARGET_NAME = Task;
			};
			name = Debug;
		};
		B21B25972C0F8111009B95F9 /* Release */ = {
			isa = XCBuildConfiguration;
			baseConfigurationReference = 87C9420D5B1BF2F7EBA48858 /* Pods-Task-TaskUITests.release.xcconfig */;
			buildSettings = {
				ALWAYS_EMBED_SWIFT_STANDARD_LIBRARIES = YES;
				CODE_SIGN_STYLE = Automatic;
				CURRENT_PROJECT_VERSION = 1;
				DEVELOPMENT_TEAM = MMY45975RU;
				GENERATE_INFOPLIST_FILE = YES;
				MARKETING_VERSION = 1.0;
				PRODUCT_BUNDLE_IDENTIFIER = com.company.sample.TaskUITests;
				PRODUCT_NAME = "$(TARGET_NAME)";
				SWIFT_EMIT_LOC_STRINGS = NO;
				SWIFT_VERSION = 5.0;
				TARGETED_DEVICE_FAMILY = "1,2";
				TEST_TARGET_NAME = Task;
			};
			name = Release;
		};
/* End XCBuildConfiguration section */

/* Begin XCConfigurationList section */
		B21B25602C0F810F009B95F9 /* Build configuration list for PBXProject "Task" */ = {
			isa = XCConfigurationList;
			buildConfigurations = (
				B21B258D2C0F8111009B95F9 /* Debug */,
				B21B258E2C0F8111009B95F9 /* Release */,
			);
			defaultConfigurationIsVisible = 0;
			defaultConfigurationName = Release;
		};
		B21B258F2C0F8111009B95F9 /* Build configuration list for PBXNativeTarget "Task" */ = {
			isa = XCConfigurationList;
			buildConfigurations = (
				B21B25902C0F8111009B95F9 /* Debug */,
				B21B25912C0F8111009B95F9 /* Release */,
			);
			defaultConfigurationIsVisible = 0;
			defaultConfigurationName = Release;
		};
		B21B25922C0F8111009B95F9 /* Build configuration list for PBXNativeTarget "TaskTests" */ = {
			isa = XCConfigurationList;
			buildConfigurations = (
				B21B25932C0F8111009B95F9 /* Debug */,
				B21B25942C0F8111009B95F9 /* Release */,
			);
			defaultConfigurationIsVisible = 0;
			defaultConfigurationName = Release;
		};
		B21B25952C0F8111009B95F9 /* Build configuration list for PBXNativeTarget "TaskUITests" */ = {
			isa = XCConfigurationList;
			buildConfigurations = (
				B21B25962C0F8111009B95F9 /* Debug */,
				B21B25972C0F8111009B95F9 /* Release */,
			);
			defaultConfigurationIsVisible = 0;
			defaultConfigurationName = Release;
		};
/* End XCConfigurationList section */
	};
	rootObject = B21B255D2C0F810F009B95F9 /* Project object */;
}
